
Microsoft Visual Studio Solution File, Format Version 12.00
# Visual Studio Version 17
VisualStudioVersion = 17.2.32630.192
MinimumVisualStudioVersion = 10.0.40219.1
Project("{FAE04EC0-301F-11D3-BF4B-00C04F79EFBC}") = "BulkyBookWeb", "BulkyBookWeb\BulkyBookWeb.csproj", "{E601C926-4152-47A9-9677-52151402039B}"
EndProject
Global
	GlobalSection(SolutionConfigurationPlatforms) = preSolution
		Debug|Any CPU = Debug|Any CPU
		Release|Any CPU = Release|Any CPU
	EndGlobalSection
	GlobalSection(ProjectConfigurationPlatforms) = postSolution
		{E601C926-4152-47A9-9677-52151402039B}.Debug|Any CPU.ActiveCfg = Debug|Any CPU
		{E601C926-4152-47A9-9677-52151402039B}.Debug|Any CPU.Build.0 = Debug|Any CPU
		{E601C926-4152-47A9-9677-52151402039B}.Release|Any CPU.ActiveCfg = Release|Any CPU
		{E601C926-4152-47A9-9677-52151402039B}.Release|Any CPU.Build.0 = Release|Any CPU
	EndGlobalSection
	GlobalSection(SolutionProperties) = preSolution
		HideSolutionNode = FALSE
	EndGlobalSection
	GlobalSection(ExtensibilityGlobals) = postSolution
		SolutionGuid = {5DEA9841-81D8-4434-971F-2A149621EB76}
	EndGlobalSection
EndGlobal
